{
    "_readme": [
        "This file locks the dependencies of your project to a known state",
        "Read more about it at http://getcomposer.org/doc/01-basic-usage.md#composer-lock-the-lock-file",
        "This file is @generated automatically"
    ],
    "hash": "5c2aebc938e0a87495b466cc887acb9b",
    "packages": [
        {
            "name": "doctrine/annotations",
            "version": "dev-master",
            "source": {
                "type": "git",
                "url": "https://github.com/doctrine/annotations.git",
                "reference": "b5202eb9e83f8db52e0e58867e0a46e63be8332e"
            },
            "dist": {
                "type": "zip",
                "url": "https://api.github.com/repos/doctrine/annotations/zipball/b5202eb9e83f8db52e0e58867e0a46e63be8332e",
                "reference": "b5202eb9e83f8db52e0e58867e0a46e63be8332e",
                "shasum": ""
            },
            "require": {
                "doctrine/lexer": "1.*",
                "php": ">=5.3.2"
            },
            "require-dev": {
                "doctrine/cache": "1.*",
                "phpunit/phpunit": "4.*"
            },
            "type": "library",
            "extra": {
                "branch-alias": {
                    "dev-master": "1.3.x-dev"
                }
            },
            "autoload": {
                "psr-0": {
                    "Doctrine\\Common\\Annotations\\": "lib/"
                }
            },
            "notification-url": "https://packagist.org/downloads/",
            "license": [
                "MIT"
            ],
            "authors": [
                {
                    "name": "Roman Borschel",
                    "email": "roman@code-factory.org"
                },
                {
                    "name": "Benjamin Eberlei",
                    "email": "kontakt@beberlei.de"
                },
                {
                    "name": "Guilherme Blanco",
                    "email": "guilhermeblanco@gmail.com"
                },
                {
                    "name": "Jonathan Wage",
                    "email": "jonwage@gmail.com"
                },
                {
                    "name": "Johannes Schmitt",
                    "email": "schmittjoh@gmail.com"
                }
            ],
            "description": "Docblock Annotations Parser",
            "homepage": "http://www.doctrine-project.org",
            "keywords": [
                "annotations",
                "docblock",
                "parser"
            ],
            "time": "2014-12-23 22:40:37"
        },
        {
            "name": "doctrine/lexer",
            "version": "dev-master",
            "source": {
                "type": "git",
                "url": "https://github.com/doctrine/lexer.git",
                "reference": "83893c552fd2045dd78aef794c31e694c37c0b8c"
            },
            "dist": {
                "type": "zip",
                "url": "https://api.github.com/repos/doctrine/lexer/zipball/83893c552fd2045dd78aef794c31e694c37c0b8c",
                "reference": "83893c552fd2045dd78aef794c31e694c37c0b8c",
                "shasum": ""
            },
            "require": {
                "php": ">=5.3.2"
            },
            "type": "library",
            "extra": {
                "branch-alias": {
                    "dev-master": "1.0.x-dev"
                }
            },
            "autoload": {
                "psr-0": {
                    "Doctrine\\Common\\Lexer\\": "lib/"
                }
            },
            "notification-url": "https://packagist.org/downloads/",
            "license": [
                "MIT"
            ],
            "authors": [
                {
                    "name": "Roman Borschel",
                    "email": "roman@code-factory.org"
                },
                {
                    "name": "Guilherme Blanco",
                    "email": "guilhermeblanco@gmail.com"
                },
                {
                    "name": "Johannes Schmitt",
                    "email": "schmittjoh@gmail.com"
                }
            ],
            "description": "Base library for a lexer that can be used in Top-Down, Recursive Descent Parsers.",
            "homepage": "http://www.doctrine-project.org",
            "keywords": [
                "lexer",
                "parser"
            ],
            "time": "2014-09-09 13:34:57"
        },
        {
            "name": "psr/log",
            "version": "dev-master",
            "source": {
                "type": "git",
                "url": "https://github.com/php-fig/log.git",
                "reference": "a78d6504ff5d4367497785ab2ade91db3a9fbe11"
            },
            "dist": {
                "type": "zip",
                "url": "https://api.github.com/repos/php-fig/log/zipball/a78d6504ff5d4367497785ab2ade91db3a9fbe11",
                "reference": "a78d6504ff5d4367497785ab2ade91db3a9fbe11",
                "shasum": ""
            },
            "type": "library",
            "extra": {
                "branch-alias": {
                    "dev-master": "1.0.x-dev"
                }
            },
            "autoload": {
                "psr-0": {
                    "Psr\\Log\\": ""
                }
            },
            "notification-url": "https://packagist.org/downloads/",
            "license": [
                "MIT"
            ],
            "authors": [
                {
                    "name": "PHP-FIG",
                    "homepage": "http://www.php-fig.org/"
                }
            ],
            "description": "Common interface for logging libraries",
            "keywords": [
                "log",
                "psr",
                "psr-3"
            ],
            "time": "2014-01-18 15:33:09"
        },
        {
            "name": "symfony/config",
            "version": "2.7.x-dev",
            "target-dir": "Symfony/Component/Config",
            "source": {
                "type": "git",
                "url": "https://github.com/symfony/Config.git",
                "reference": "2ab249d96805268879d6c1be9bb7078b89053034"
            },
            "dist": {
                "type": "zip",
                "url": "https://api.github.com/repos/symfony/Config/zipball/2ab249d96805268879d6c1be9bb7078b89053034",
                "reference": "2ab249d96805268879d6c1be9bb7078b89053034",
                "shasum": ""
            },
            "require": {
                "php": ">=5.3.9",
                "symfony/filesystem": "~2.3|~3.0.0"
            },
            "type": "library",
            "extra": {
                "branch-alias": {
                    "dev-master": "2.7-dev"
                }
            },
            "autoload": {
                "psr-0": {
                    "Symfony\\Component\\Config\\": ""
                }
            },
            "notification-url": "https://packagist.org/downloads/",
            "license": [
                "MIT"
            ],
            "authors": [
                {
                    "name": "Symfony Community",
                    "homepage": "http://symfony.com/contributors"
                },
                {
                    "name": "Fabien Potencier",
                    "email": "fabien@symfony.com"
                }
            ],
            "description": "Symfony Config Component",
            "homepage": "http://symfony.com",
            "time": "2015-01-09 06:51:41"
        },
        {
            "name": "symfony/debug",
            "version": "dev-master",
            "target-dir": "Symfony/Component/Debug",
            "source": {
                "type": "git",
                "url": "https://github.com/symfony/Debug.git",
                "reference": "57d7e0eebaadba2bd9bd19cd3912408ceaf509e2"
            },
            "dist": {
                "type": "zip",
                "url": "https://api.github.com/repos/symfony/Debug/zipball/57d7e0eebaadba2bd9bd19cd3912408ceaf509e2",
                "reference": "57d7e0eebaadba2bd9bd19cd3912408ceaf509e2",
                "shasum": ""
            },
            "require": {
                "php": ">=5.5.9",
                "psr/log": "~1.0"
            },
            "conflict": {
                "symfony/http-kernel": ">=2.3,<2.3.24|~2.4.0|>=2.5,<2.5.9|>=2.6,<2.6.2"
            },
            "require-dev": {
                "symfony/class-loader": "~2.7|~3.0",
                "symfony/http-foundation": "~2.7|~3.0",
                "symfony/http-kernel": "~2.7|~3.0"
            },
            "suggest": {
                "symfony/http-foundation": "",
                "symfony/http-kernel": ""
            },
            "type": "library",
            "extra": {
                "branch-alias": {
                    "dev-master": "3.0-dev"
                }
            },
            "autoload": {
                "psr-0": {
                    "Symfony\\Component\\Debug\\": ""
                }
            },
            "notification-url": "https://packagist.org/downloads/",
            "license": [
                "MIT"
            ],
            "authors": [
                {
                    "name": "Symfony Community",
                    "homepage": "http://symfony.com/contributors"
                },
                {
                    "name": "Fabien Potencier",
                    "email": "fabien@symfony.com"
                }
            ],
            "description": "Symfony Debug Component",
            "homepage": "http://symfony.com",
            "time": "2015-01-13 10:56:15"
        },
        {
            "name": "symfony/dependency-injection",
            "version": "2.7.x-dev",
            "target-dir": "Symfony/Component/DependencyInjection",
            "source": {
                "type": "git",
                "url": "https://github.com/symfony/DependencyInjection.git",
                "reference": "28da9e19b9ced4b1b424da3021777e72ec9dd618"
            },
            "dist": {
                "type": "zip",
                "url": "https://api.github.com/repos/symfony/DependencyInjection/zipball/28da9e19b9ced4b1b424da3021777e72ec9dd618",
                "reference": "28da9e19b9ced4b1b424da3021777e72ec9dd618",
                "shasum": ""
            },
            "require": {
                "php": ">=5.3.9"
            },
            "conflict": {
                "symfony/expression-language": "<2.6"
            },
            "require-dev": {
                "symfony/config": "~2.2|~3.0.0",
                "symfony/expression-language": "~2.6|~3.0.0",
                "symfony/yaml": "~2.1|~3.0.0"
            },
            "suggest": {
                "symfony/config": "",
                "symfony/proxy-manager-bridge": "Generate service proxies to lazy load them",
                "symfony/yaml": ""
            },
            "type": "library",
            "extra": {
                "branch-alias": {
                    "dev-master": "2.7-dev"
                }
            },
            "autoload": {
                "psr-0": {
                    "Symfony\\Component\\DependencyInjection\\": ""
                }
            },
            "notification-url": "https://packagist.org/downloads/",
            "license": [
                "MIT"
            ],
            "authors": [
                {
                    "name": "Symfony Community",
                    "homepage": "http://symfony.com/contributors"
                },
                {
                    "name": "Fabien Potencier",
                    "email": "fabien@symfony.com"
                }
            ],
            "description": "Symfony DependencyInjection Component",
            "homepage": "http://symfony.com",
            "time": "2015-01-13 07:22:42"
        },
        {
            "name": "symfony/event-dispatcher",
            "version": "dev-master",
            "target-dir": "Symfony/Component/EventDispatcher",
            "source": {
                "type": "git",
                "url": "https://github.com/symfony/EventDispatcher.git",
                "reference": "fc68ffa937eb0cf415c682e3cb1141748b67aba5"
            },
            "dist": {
                "type": "zip",
                "url": "https://api.github.com/repos/symfony/EventDispatcher/zipball/fc68ffa937eb0cf415c682e3cb1141748b67aba5",
                "reference": "fc68ffa937eb0cf415c682e3cb1141748b67aba5",
                "shasum": ""
            },
            "require": {
                "php": ">=5.5.9"
            },
            "require-dev": {
                "psr/log": "~1.0",
                "symfony/config": "~2.7|~3.0",
                "symfony/dependency-injection": "~2.7|~3.0",
                "symfony/expression-language": "~2.7|~3.0",
                "symfony/stopwatch": "~2.7|~3.0"
            },
            "suggest": {
                "symfony/dependency-injection": "",
                "symfony/http-kernel": ""
            },
            "type": "library",
            "extra": {
                "branch-alias": {
                    "dev-master": "3.0-dev"
                }
            },
            "autoload": {
                "psr-0": {
                    "Symfony\\Component\\EventDispatcher\\": ""
                }
            },
            "notification-url": "https://packagist.org/downloads/",
            "license": [
                "MIT"
            ],
            "authors": [
                {
                    "name": "Symfony Community",
                    "homepage": "http://symfony.com/contributors"
                },
                {
                    "name": "Fabien Potencier",
                    "email": "fabien@symfony.com"
                }
            ],
            "description": "Symfony EventDispatcher Component",
            "homepage": "http://symfony.com",
            "time": "2015-01-08 17:12:45"
        },
        {
            "name": "symfony/filesystem",
            "version": "dev-master",
            "target-dir": "Symfony/Component/Filesystem",
            "source": {
                "type": "git",
                "url": "https://github.com/symfony/Filesystem.git",
                "reference": "9e98e082d75e36d704f83c741443a526a41a3cfa"
            },
            "dist": {
                "type": "zip",
                "url": "https://api.github.com/repos/symfony/Filesystem/zipball/9e98e082d75e36d704f83c741443a526a41a3cfa",
                "reference": "9e98e082d75e36d704f83c741443a526a41a3cfa",
                "shasum": ""
            },
            "require": {
                "php": ">=5.5.9"
            },
            "type": "library",
            "extra": {
                "branch-alias": {
                    "dev-master": "3.0-dev"
                }
            },
            "autoload": {
                "psr-0": {
                    "Symfony\\Component\\Filesystem\\": ""
                }
            },
            "notification-url": "https://packagist.org/downloads/",
            "license": [
                "MIT"
            ],
            "authors": [
                {
                    "name": "Symfony Community",
                    "homepage": "http://symfony.com/contributors"
                },
                {
                    "name": "Fabien Potencier",
                    "email": "fabien@symfony.com"
                }
            ],
            "description": "Symfony Filesystem Component",
            "homepage": "http://symfony.com",
            "time": "2015-01-04 10:51:22"
        },
        {
            "name": "symfony/framework-bundle",
            "version": "2.7.x-dev",
            "target-dir": "Symfony/Bundle/FrameworkBundle",
            "source": {
                "type": "git",
                "url": "https://github.com/symfony/FrameworkBundle.git",
                "reference": "8e7589eaf098d3969a82078eddc721cc382c5acd"
            },
            "dist": {
                "type": "zip",
                "url": "https://api.github.com/repos/symfony/FrameworkBundle/zipball/8e7589eaf098d3969a82078eddc721cc382c5acd",
                "reference": "8e7589eaf098d3969a82078eddc721cc382c5acd",
                "shasum": ""
            },
            "require": {
                "doctrine/annotations": "~1.0",
                "php": ">=5.3.9",
                "symfony/config": "~2.4",
                "symfony/dependency-injection": "~2.6,>=2.6.2",
                "symfony/event-dispatcher": "~2.5|~3.0.0",
                "symfony/filesystem": "~2.3|~3.0.0",
                "symfony/http-foundation": "~2.4.9|~2.5,>=2.5.4|~3.0.0",
                "symfony/http-kernel": "~2.7|~3.0.0",
                "symfony/routing": "~2.2|~3.0.0",
                "symfony/security-core": "~2.6|~3.0.0",
                "symfony/security-csrf": "~2.6|~3.0.0",
                "symfony/stopwatch": "~2.3|~3.0.0",
                "symfony/templating": "~2.1|~3.0.0",
                "symfony/translation": "~2.6|~3.0.0"
            },
            "require-dev": {
                "symfony/browser-kit": "~2.4|~3.0.0",
                "symfony/class-loader": "~2.1|~3.0.0",
                "symfony/console": "~2.6|~3.0.0",
                "symfony/css-selector": "~2.0,>=2.0.5|~3.0.0",
                "symfony/dom-crawler": "~2.0,>=2.0.5|~3.0.0",
                "symfony/expression-language": "~2.6|~3.0.0",
                "symfony/finder": "~2.0,>=2.0.5|~3.0.0",
                "symfony/form": "~2.6|~3.0.0",
                "symfony/intl": "~2.3|~3.0.0",
                "symfony/process": "~2.0,>=2.0.5|~3.0.0",
                "symfony/security": "~2.6|~3.0.0",
                "symfony/validator": "~2.5|~3.0.0",
                "symfony/yaml": "~2.0,>=2.0.5|~3.0.0"
            },
            "suggest": {
                "doctrine/cache": "For using alternative cache drivers",
                "symfony/console": "For using the console commands",
                "symfony/finder": "For using the translation loader and cache warmer",
                "symfony/form": "For using forms",
                "symfony/validator": "For using validation",
                "symfony/yaml": "For using the debug:config and yaml:lint commands"
            },
            "type": "symfony-bundle",
            "extra": {
                "branch-alias": {
                    "dev-master": "2.7-dev"
                }
            },
            "autoload": {
                "psr-0": {
                    "Symfony\\Bundle\\FrameworkBundle\\": ""
                }
            },
            "notification-url": "https://packagist.org/downloads/",
            "license": [
                "MIT"
            ],
            "authors": [
                {
                    "name": "Symfony Community",
                    "homepage": "http://symfony.com/contributors"
                },
                {
                    "name": "Fabien Potencier",
                    "email": "fabien@symfony.com"
                }
            ],
            "description": "Symfony FrameworkBundle",
            "homepage": "http://symfony.com",
            "time": "2015-01-13 12:45:06"
        },
        {
            "name": "symfony/http-foundation",
            "version": "dev-master",
            "target-dir": "Symfony/Component/HttpFoundation",
            "source": {
                "type": "git",
                "url": "https://github.com/symfony/HttpFoundation.git",
                "reference": "ccb6b26a8d87cc722335c1cd68b2d772abe3f9aa"
            },
            "dist": {
                "type": "zip",
                "url": "https://api.github.com/repos/symfony/HttpFoundation/zipball/ccb6b26a8d87cc722335c1cd68b2d772abe3f9aa",
                "reference": "ccb6b26a8d87cc722335c1cd68b2d772abe3f9aa",
                "shasum": ""
            },
            "require": {
                "php": ">=5.5.9"
            },
            "require-dev": {
                "symfony/expression-language": "~2.7|~3.0"
            },
            "type": "library",
            "extra": {
                "branch-alias": {
                    "dev-master": "3.0-dev"
                }
            },
            "autoload": {
                "psr-0": {
                    "Symfony\\Component\\HttpFoundation\\": ""
                },
                "classmap": [
                    "Symfony/Component/HttpFoundation/Resources/stubs"
                ]
            },
            "notification-url": "https://packagist.org/downloads/",
            "license": [
                "MIT"
            ],
            "authors": [
                {
                    "name": "Symfony Community",
                    "homepage": "http://symfony.com/contributors"
                },
                {
                    "name": "Fabien Potencier",
                    "email": "fabien@symfony.com"
                }
            ],
            "description": "Symfony HttpFoundation Component",
            "homepage": "http://symfony.com",
            "time": "2015-01-13 07:23:15"
        },
        {
            "name": "symfony/http-kernel",
            "version": "dev-master",
            "target-dir": "Symfony/Component/HttpKernel",
            "source": {
                "type": "git",
                "url": "https://github.com/symfony/HttpKernel.git",
                "reference": "79e2bcd58dbd0361447bad0a12e5eca838e6c032"
            },
            "dist": {
                "type": "zip",
                "url": "https://api.github.com/repos/symfony/HttpKernel/zipball/79e2bcd58dbd0361447bad0a12e5eca838e6c032",
                "reference": "79e2bcd58dbd0361447bad0a12e5eca838e6c032",
                "shasum": ""
            },
            "require": {
                "php": ">=5.5.9",
                "psr/log": "~1.0",
                "symfony/debug": "~2.7|~3.0",
                "symfony/event-dispatcher": "~2.7|~3.0",
                "symfony/http-foundation": "~2.7|~3.0"
            },
            "require-dev": {
                "symfony/browser-kit": "~2.7|~3.0",
                "symfony/class-loader": "~2.7|~3.0",
                "symfony/config": "~2.7|~3.0",
                "symfony/console": "~2.7|~3.0",
                "symfony/css-selector": "~2.7|~3.0",
                "symfony/dependency-injection": "~2.7|~3.0",
                "symfony/dom-crawler": "~2.7|~3.0",
                "symfony/expression-language": "~2.7|~3.0",
                "symfony/finder": "~2.7|~3.0",
                "symfony/process": "~2.7|~3.0",
                "symfony/routing": "~2.7|~3.0",
                "symfony/stopwatch": "~2.7|~3.0",
                "symfony/templating": "~2.7|~3.0",
                "symfony/translation": "~2.7|~3.0",
                "symfony/var-dumper": "~2.7|~3.0"
            },
            "suggest": {
                "symfony/browser-kit": "",
                "symfony/class-loader": "",
                "symfony/config": "",
                "symfony/console": "",
                "symfony/dependency-injection": "",
                "symfony/finder": "",
                "symfony/var-dumper": ""
            },
            "type": "library",
            "extra": {
                "branch-alias": {
                    "dev-master": "3.0-dev"
                }
            },
            "autoload": {
                "psr-0": {
                    "Symfony\\Component\\HttpKernel\\": ""
                }
            },
            "notification-url": "https://packagist.org/downloads/",
            "license": [
                "MIT"
            ],
            "authors": [
                {
                    "name": "Symfony Community",
                    "homepage": "http://symfony.com/contributors"
                },
                {
                    "name": "Fabien Potencier",
                    "email": "fabien@symfony.com"
                }
            ],
            "description": "Symfony HttpKernel Component",
            "homepage": "http://symfony.com",
            "time": "2015-01-13 10:56:15"
        },
        {
            "name": "symfony/routing",
            "version": "dev-master",
            "target-dir": "Symfony/Component/Routing",
            "source": {
                "type": "git",
                "url": "https://github.com/symfony/Routing.git",
                "reference": "23702b108815c0d2d3462d5f10e1c9697ca09aa0"
            },
            "dist": {
                "type": "zip",
                "url": "https://api.github.com/repos/symfony/Routing/zipball/23702b108815c0d2d3462d5f10e1c9697ca09aa0",
                "reference": "23702b108815c0d2d3462d5f10e1c9697ca09aa0",
                "shasum": ""
            },
            "require": {
                "php": ">=5.5.9"
            },
            "require-dev": {
                "doctrine/annotations": "~1.0",
                "doctrine/common": "~2.2",
                "psr/log": "~1.0",
                "symfony/config": "~2.7|~3.0",
                "symfony/expression-language": "~2.7|~3.0",
                "symfony/http-foundation": "~2.7|~3.0",
                "symfony/yaml": "~2.7|~3.0"
            },
            "suggest": {
                "doctrine/annotations": "For using the annotation loader",
                "symfony/config": "For using the all-in-one router or any loader",
                "symfony/expression-language": "For using expression matching",
                "symfony/yaml": "For using the YAML loader"
            },
            "type": "library",
            "extra": {
                "branch-alias": {
                    "dev-master": "3.0-dev"
                }
            },
            "autoload": {
                "psr-0": {
                    "Symfony\\Component\\Routing\\": ""
                }
            },
            "notification-url": "https://packagist.org/downloads/",
            "license": [
                "MIT"
            ],
            "authors": [
                {
                    "name": "Symfony Community",
                    "homepage": "http://symfony.com/contributors"
                },
                {
                    "name": "Fabien Potencier",
                    "email": "fabien@symfony.com"
                }
            ],
            "description": "Symfony Routing Component",
            "homepage": "http://symfony.com",
            "keywords": [
                "router",
                "routing",
                "uri",
                "url"
            ],
            "time": "2015-01-13 12:58:07"
        },
        {
            "name": "symfony/security",
            "version": "dev-master",
            "target-dir": "Symfony/Component/Security",
            "source": {
                "type": "git",
                "url": "https://github.com/symfony/Security.git",
                "reference": "5a21091f4faa5965beacc32fe3379f8a09ada0c0"
            },
            "dist": {
                "type": "zip",
                "url": "https://api.github.com/repos/symfony/Security/zipball/5a21091f4faa5965beacc32fe3379f8a09ada0c0",
                "reference": "5a21091f4faa5965beacc32fe3379f8a09ada0c0",
                "shasum": ""
            },
            "require": {
                "php": ">=5.5.9",
                "symfony/event-dispatcher": "~2.7|~3.0",
                "symfony/http-foundation": "~2.7|~3.0",
                "symfony/http-kernel": "~2.7|~3.0"
            },
            "replace": {
                "symfony/security-acl": "self.version",
                "symfony/security-core": "self.version",
                "symfony/security-csrf": "self.version",
                "symfony/security-http": "self.version"
            },
            "require-dev": {
                "doctrine/common": "~2.2",
                "doctrine/dbal": "~2.2",
                "psr/log": "~1.0",
                "symfony/expression-language": "~2.7|~3.0",
                "symfony/intl": "~2.7|~3.0",
                "symfony/routing": "~2.7|~3.0",
                "symfony/translation": "~2.7|~3.0",
                "symfony/validator": "~2.7|~3.0"
            },
            "suggest": {
                "doctrine/dbal": "For using the built-in ACL implementation",
                "symfony/class-loader": "For using the ACL generateSql script",
                "symfony/expression-language": "For using the expression voter",
                "symfony/finder": "For using the ACL generateSql script",
                "symfony/routing": "For using the HttpUtils class to create sub-requests, redirect the user, and match URLs",
                "symfony/validator": "For using the user password constraint"
            },
            "type": "library",
            "extra": {
                "branch-alias": {
                    "dev-master": "3.0-dev"
                }
            },
            "autoload": {
                "psr-0": {
                    "Symfony\\Component\\Security\\": ""
                }
            },
            "notification-url": "https://packagist.org/downloads/",
            "license": [
                "MIT"
            ],
            "authors": [
                {
                    "name": "Symfony Community",
                    "homepage": "http://symfony.com/contributors"
                },
                {
                    "name": "Fabien Potencier",
                    "email": "fabien@symfony.com"
                }
            ],
            "description": "Symfony Security Component",
            "homepage": "http://symfony.com",
            "time": "2015-01-09 19:59:30"
        },
        {
            "name": "symfony/security-bundle",
            "version": "2.7.x-dev",
            "target-dir": "Symfony/Bundle/SecurityBundle",
            "source": {
                "type": "git",
                "url": "https://github.com/symfony/SecurityBundle.git",
                "reference": "c5e7a7bcfeaa1a129289b67dabac27a5901dd056"
            },
            "dist": {
                "type": "zip",
                "url": "https://api.github.com/repos/symfony/SecurityBundle/zipball/c5e7a7bcfeaa1a129289b67dabac27a5901dd056",
                "reference": "c5e7a7bcfeaa1a129289b67dabac27a5901dd056",
                "shasum": ""
            },
            "require": {
                "php": ">=5.3.9",
                "symfony/http-kernel": "~2.2|~3.0.0",
                "symfony/security": "~2.7|~3.0.0"
            },
            "require-dev": {
                "doctrine/doctrine-bundle": "~1.2",
                "symfony/browser-kit": "~2.4|~3.0.0",
                "symfony/console": "~2.3|~3.0.0",
                "symfony/css-selector": "~2.0,>=2.0.5|~3.0.0",
                "symfony/dependency-injection": "~2.3|~3.0.0",
                "symfony/dom-crawler": "~2.0,>=2.0.5|~3.0.0",
                "symfony/expression-language": "~2.6|~3.0.0",
                "symfony/form": "~2.7|~3.0.0",
                "symfony/framework-bundle": "~2.7|~3.0.0",
                "symfony/http-foundation": "~2.3|~3.0.0",
                "symfony/process": "~2.0,>=2.0.5|~3.0.0",
                "symfony/twig-bridge": "~2.7|~3.0.0",
                "symfony/twig-bundle": "~2.7|~3.0.0",
                "symfony/validator": "~2.5|~3.0.0",
                "symfony/yaml": "~2.0,>=2.0.5|~3.0.0",
                "twig/twig": "~1.12"
            },
            "type": "symfony-bundle",
            "extra": {
                "branch-alias": {
                    "dev-master": "2.7-dev"
                }
            },
            "autoload": {
                "psr-0": {
                    "Symfony\\Bundle\\SecurityBundle\\": ""
                }
            },
            "notification-url": "https://packagist.org/downloads/",
            "license": [
                "MIT"
            ],
            "authors": [
                {
                    "name": "Symfony Community",
                    "homepage": "http://symfony.com/contributors"
                },
                {
                    "name": "Fabien Potencier",
                    "email": "fabien@symfony.com"
                }
            ],
            "description": "Symfony SecurityBundle",
            "homepage": "http://symfony.com",
            "time": "2015-01-09 13:24:18"
        },
        {
            "name": "symfony/stopwatch",
            "version": "dev-master",
            "target-dir": "Symfony/Component/Stopwatch",
            "source": {
                "type": "git",
                "url": "https://github.com/symfony/Stopwatch.git",
                "reference": "dbbf321b10bbd789d2f572230f29b8d943741889"
            },
            "dist": {
                "type": "zip",
                "url": "https://api.github.com/repos/symfony/Stopwatch/zipball/dbbf321b10bbd789d2f572230f29b8d943741889",
                "reference": "dbbf321b10bbd789d2f572230f29b8d943741889",
                "shasum": ""
            },
            "require": {
                "php": ">=5.5.9"
            },
            "type": "library",
            "extra": {
                "branch-alias": {
                    "dev-master": "3.0-dev"
                }
            },
            "autoload": {
                "psr-0": {
                    "Symfony\\Component\\Stopwatch\\": ""
                }
            },
            "notification-url": "https://packagist.org/downloads/",
            "license": [
                "MIT"
            ],
            "authors": [
                {
                    "name": "Symfony Community",
                    "homepage": "http://symfony.com/contributors"
                },
                {
                    "name": "Fabien Potencier",
                    "email": "fabien@symfony.com"
                }
            ],
            "description": "Symfony Stopwatch Component",
            "homepage": "http://symfony.com",
            "time": "2015-01-03 08:04:30"
        },
        {
            "name": "symfony/templating",
            "version": "dev-master",
            "target-dir": "Symfony/Component/Templating",
            "source": {
                "type": "git",
                "url": "https://github.com/symfony/Templating.git",
                "reference": "c15c2f7c40497f457bda032023a23495b2b00487"
            },
            "dist": {
                "type": "zip",
                "url": "https://api.github.com/repos/symfony/Templating/zipball/c15c2f7c40497f457bda032023a23495b2b00487",
                "reference": "c15c2f7c40497f457bda032023a23495b2b00487",
                "shasum": ""
            },
            "require": {
                "php": ">=5.5.9"
            },
            "require-dev": {
                "psr/log": "~1.0"
            },
            "suggest": {
                "psr/log": "For using debug logging in loaders"
            },
            "type": "library",
            "extra": {
                "branch-alias": {
                    "dev-master": "3.0-dev"
                }
            },
            "autoload": {
                "psr-0": {
                    "Symfony\\Component\\Templating\\": ""
                }
            },
            "notification-url": "https://packagist.org/downloads/",
            "license": [
                "MIT"
            ],
            "authors": [
                {
                    "name": "Symfony Community",
                    "homepage": "http://symfony.com/contributors"
                },
                {
                    "name": "Fabien Potencier",
                    "email": "fabien@symfony.com"
                }
            ],
            "description": "Symfony Templating Component",
            "homepage": "http://symfony.com",
            "time": "2015-01-06 10:39:25"
        },
        {
            "name": "symfony/translation",
            "version": "dev-master",
            "target-dir": "Symfony/Component/Translation",
            "source": {
                "type": "git",
                "url": "https://github.com/symfony/Translation.git",
                "reference": "6429021a7658ed9e4eeb4eb4ac991498167927d3"
            },
            "dist": {
                "type": "zip",
                "url": "https://api.github.com/repos/symfony/Translation/zipball/6429021a7658ed9e4eeb4eb4ac991498167927d3",
                "reference": "6429021a7658ed9e4eeb4eb4ac991498167927d3",
                "shasum": ""
            },
            "require": {
                "php": ">=5.5.9"
            },
            "require-dev": {
                "psr/log": "~1.0",
                "symfony/config": "~2.7|~3.0",
                "symfony/intl": "~2.7|~3.0",
                "symfony/yaml": "~2.7|~3.0"
            },
            "suggest": {
                "psr/log": "To use logging capability in translator",
                "symfony/config": "",
                "symfony/yaml": ""
            },
            "type": "library",
            "extra": {
                "branch-alias": {
                    "dev-master": "3.0-dev"
                }
            },
            "autoload": {
                "psr-0": {
                    "Symfony\\Component\\Translation\\": ""
                }
            },
            "notification-url": "https://packagist.org/downloads/",
            "license": [
                "MIT"
            ],
            "authors": [
                {
                    "name": "Symfony Community",
                    "homepage": "http://symfony.com/contributors"
                },
                {
                    "name": "Fabien Potencier",
                    "email": "fabien@symfony.com"
                }
            ],
            "description": "Symfony Translation Component",
            "homepage": "http://symfony.com",
            "time": "2015-01-06 10:39:25"
        }
    ],
    "packages-dev": [],
    "aliases": [],
    "minimum-stability": "dev",
    "stability-flags": [],
    "prefer-stable": false,
    "prefer-lowest": false,
    "platform": {
        "php": ">=5.3.2"
    },
    "platform-dev": []
}
